{
  "originHash" : "227cbee030a438159c0f3122d34601a3781853c599b938ac08dd98f09eca9afd",
  "pins" : [
    {
      "identity" : "identity",
      "kind" : "remoteSourceControl",
      "location" : "https://github.com/iproov/identity",
      "state" : {
        "revision" : "8aafa6da48a5cf7589a993fee1954869df2f2466",
        "version" : "0.4.0"
      }
    },
    {
      "identity" : "ios",
      "kind" : "remoteSourceControl",
      "location" : "https://github.com/iproov/ios",
      "state" : {
        "revision" : "9811cd9234cf1139318d6eb11ec7549379c9060c",
        "version" : "13.1.1"
      }
    },
    {
      "identity" : "joseswift",
      "kind" : "remoteSourceControl",
      "location" : "https://github.com/airsidemobile/JOSESwift.git",
      "state" : {
        "revision" : "c2664a902e75c0426a1d43132bd4babc6fd173d3",
        "version" : "3.0.0"
      }
    },
    {
      "identity" : "mrzparser",
      "kind" : "remoteSourceControl",
      "location" : "https://github.com/appintheair/MRZParser.git",
      "state" : {
        "revision" : "64b73fae8092b31d0a378f0d000c244470c7ac44",
        "version" : "1.1.3"
      }
    },
    {
      "identity" : "mrzscanner",
      "kind" : "remoteSourceControl",
      "location" : "https://github.com/appintheair/MRZScanner.git",
      "state" : {
        "branch" : "develop",
        "revision" : "a5448a574c097babe134712471c282cdaf1d3b53"
      }
    },
    {
      "identity" : "nfcpassportreader",
      "kind" : "remoteSourceControl",
      "location" : "https://github.com/AndyQ/NFCPassportReader",
      "state" : {
        "revision" : "deec44982fa9bf2704a5f2138eb01dab7dcf9299",
        "version" : "2.3.0"
      }
    },
    {
      "identity" : "openssl-package",
      "kind" : "remoteSourceControl",
      "location" : "https://github.com/krzyzanowskim/OpenSSL-Package.git",
      "state" : {
        "revision" : "71dbe0b4514cdaad95961470db72e8231f5943a6",
        "version" : "3.3.3001"
      }
    }
  ],
  "version" : 3
}
